// !$*UTF8*$!
{
	archiveVersion = 1;
	classes = {
	};
	objectVersion = 56;
	objects = {

/* Begin PBXBuildFile section */
		33878AA22A0AA4D10086705B /* ElPraGatoApp.swift in Sources */ = {isa = PBXBuildFile; fileRef = 33878AA12A0AA4D10086705B /* ElPraGatoApp.swift */; };
		33878AA42A0AA4D10086705B /* MainGatoView.swift in Sources */ = {isa = PBXBuildFile; fileRef = 33878AA32A0AA4D10086705B /* MainGatoView.swift */; };
		33878AA62A0AA4D40086705B /* Assets.xcassets in Resources */ = {isa = PBXBuildFile; fileRef = 33878AA52A0AA4D40086705B /* Assets.xcassets */; };
		33878AAA2A0AA4D40086705B /* Preview Assets.xcassets in Resources */ = {isa = PBXBuildFile; fileRef = 33878AA92A0AA4D40086705B /* Preview Assets.xcassets */; };
		33878AB42A0AA4D40086705B /* ElPraGatoTests.swift in Sources */ = {isa = PBXBuildFile; fileRef = 33878AB32A0AA4D40086705B /* ElPraGatoTests.swift */; };
		33878ABE2A0AA4D50086705B /* ElPraGatoUITests.swift in Sources */ = {isa = PBXBuildFile; fileRef = 33878ABD2A0AA4D50086705B /* ElPraGatoUITests.swift */; };
		33878AC02A0AA4D50086705B /* ElPraGatoUITestsLaunchTests.swift in Sources */ = {isa = PBXBuildFile; fileRef = 33878ABF2A0AA4D50086705B /* ElPraGatoUITestsLaunchTests.swift */; };
		33878ACE2A0AB5300086705B /* MainStorage.swift in Sources */ = {isa = PBXBuildFile; fileRef = 33878ACD2A0AB5300086705B /* MainStorage.swift */; };
		33878AD52A0ACEAE0086705B /* SplashScreenView.swift in Sources */ = {isa = PBXBuildFile; fileRef = 33878AD42A0ACEAE0086705B /* SplashScreenView.swift */; };
/* End PBXBuildFile section */

/* Begin PBXContainerItemProxy section */
		33878AB02A0AA4D40086705B /* PBXContainerItemProxy */ = {
			isa = PBXContainerItemProxy;
			containerPortal = 33878A962A0AA4D10086705B /* Project object */;
			proxyType = 1;
			remoteGlobalIDString = 33878A9D2A0AA4D10086705B;
			remoteInfo = ElPraGato;
		};
		33878ABA2A0AA4D40086705B /* PBXContainerItemProxy */ = {
			isa = PBXContainerItemProxy;
			containerPortal = 33878A962A0AA4D10086705B /* Project object */;
			proxyType = 1;
			remoteGlobalIDString = 33878A9D2A0AA4D10086705B;
			remoteInfo = ElPraGato;
		};
/* End PBXContainerItemProxy section */

/* Begin PBXFileReference section */
		33878A9E2A0AA4D10086705B /* ElPraGato.app */ = {isa = PBXFileReference; explicitFileType = wrapper.application; includeInIndex = 0; path = ElPraGato.app; sourceTree = BUILT_PRODUCTS_DIR; };
		33878AA12A0AA4D10086705B /* ElPraGatoApp.swift */ = {isa = PBXFileReference; lastKnownFileType = sourcecode.swift; path = ElPraGatoApp.swift; sourceTree = "<group>"; };
		33878AA32A0AA4D10086705B /* MainGatoView.swift */ = {isa = PBXFileReference; lastKnownFileType = sourcecode.swift; path = MainGatoView.swift; sourceTree = "<group>"; };
		33878AA52A0AA4D40086705B /* Assets.xcassets */ = {isa = PBXFileReference; lastKnownFileType = folder.assetcatalog; path = Assets.xcassets; sourceTree = "<group>"; };
		33878AA72A0AA4D40086705B /* ElPraGato.entitlements */ = {isa = PBXFileReference; lastKnownFileType = text.plist.entitlements; path = ElPraGato.entitlements; sourceTree = "<group>"; };
		33878AA92A0AA4D40086705B /* Preview Assets.xcassets */ = {isa = PBXFileReference; lastKnownFileType = folder.assetcatalog; path = "Preview Assets.xcassets"; sourceTree = "<group>"; };
		33878AAF2A0AA4D40086705B /* ElPraGatoTests.xctest */ = {isa = PBXFileReference; explicitFileType = wrapper.cfbundle; includeInIndex = 0; path = ElPraGatoTests.xctest; sourceTree = BUILT_PRODUCTS_DIR; };
		33878AB32A0AA4D40086705B /* ElPraGatoTests.swift */ = {isa = PBXFileReference; lastKnownFileType = sourcecode.swift; path = ElPraGatoTests.swift; sourceTree = "<group>"; };
		33878AB92A0AA4D40086705B /* ElPraGatoUITests.xctest */ = {isa = PBXFileReference; explicitFileType = wrapper.cfbundle; includeInIndex = 0; path = ElPraGatoUITests.xctest; sourceTree = BUILT_PRODUCTS_DIR; };
		33878ABD2A0AA4D50086705B /* ElPraGatoUITests.swift */ = {isa = PBXFileReference; lastKnownFileType = sourcecode.swift; path = ElPraGatoUITests.swift; sourceTree = "<group>"; };
		33878ABF2A0AA4D50086705B /* ElPraGatoUITestsLaunchTests.swift */ = {isa = PBXFileReference; lastKnownFileType = sourcecode.swift; path = ElPraGatoUITestsLaunchTests.swift; sourceTree = "<group>"; };
		33878ACD2A0AB5300086705B /* MainStorage.swift */ = {isa = PBXFileReference; lastKnownFileType = sourcecode.swift; path = MainStorage.swift; sourceTree = "<group>"; };
		33878AD42A0ACEAE0086705B /* SplashScreenView.swift */ = {isa = PBXFileReference; lastKnownFileType = sourcecode.swift; path = SplashScreenView.swift; sourceTree = "<group>"; };
/* End PBXFileReference section */

/* Begin PBXFrameworksBuildPhase section */
		33878A9B2A0AA4D10086705B /* Frameworks */ = {
			isa = PBXFrameworksBuildPhase;
			buildActionMask = 2147483647;
			files = (
			);
			runOnlyForDeploymentPostprocessing = 0;
		};
		33878AAC2A0AA4D40086705B /* Frameworks */ = {
			isa = PBXFrameworksBuildPhase;
			buildActionMask = 2147483647;
			files = (
			);
			runOnlyForDeploymentPostprocessing = 0;
		};
		33878AB62A0AA4D40086705B /* Frameworks */ = {
			isa = PBXFrameworksBuildPhase;
			buildActionMask = 2147483647;
			files = (
			);
			runOnlyForDeploymentPostprocessing = 0;
		};
/* End PBXFrameworksBuildPhase section */

/* Begin PBXGroup section */
		33878A952A0AA4D10086705B = {
			isa = PBXGroup;
			children = (
				33878AA02A0AA4D10086705B /* ElPraGato */,
				33878AB22A0AA4D40086705B /* ElPraGatoTests */,
				33878ABC2A0AA4D50086705B /* ElPraGatoUITests */,
				33878A9F2A0AA4D10086705B /* Products */,
			);
			sourceTree = "<group>";
		};
		33878A9F2A0AA4D10086705B /* Products */ = {
			isa = PBXGroup;
			children = (
				33878A9E2A0AA4D10086705B /* ElPraGato.app */,
				33878AAF2A0AA4D40086705B /* ElPraGatoTests.xctest */,
				33878AB92A0AA4D40086705B /* ElPraGatoUITests.xctest */,
			);
			name = Products;
			sourceTree = "<group>";
		};
		33878AA02A0AA4D10086705B /* ElPraGato */ = {
			isa = PBXGroup;
			children = (
				33878AA72A0AA4D40086705B /* ElPraGato.entitlements */,
				33878AD02A0AB56B0086705B /* Assets */,
				33878AD22A0AB6150086705B /* ViewModels */,
				33878AD32A0AB6200086705B /* Models */,
				33878ACF2A0AB5460086705B /* Scenes */,
				33878ACC2A0AB5170086705B /* Storage */,
				33878AA82A0AA4D40086705B /* Preview Content */,
			);
			path = ElPraGato;
			sourceTree = "<group>";
		};
		33878AA82A0AA4D40086705B /* Preview Content */ = {
			isa = PBXGroup;
			children = (
				33878AA92A0AA4D40086705B /* Preview Assets.xcassets */,
			);
			path = "Preview Content";
			sourceTree = "<group>";
		};
		33878AB22A0AA4D40086705B /* ElPraGatoTests */ = {
			isa = PBXGroup;
			children = (
				33878AB32A0AA4D40086705B /* ElPraGatoTests.swift */,
			);
			path = ElPraGatoTests;
			sourceTree = "<group>";
		};
		33878ABC2A0AA4D50086705B /* ElPraGatoUITests */ = {
			isa = PBXGroup;
			children = (
				33878ABD2A0AA4D50086705B /* ElPraGatoUITests.swift */,
				33878ABF2A0AA4D50086705B /* ElPraGatoUITestsLaunchTests.swift */,
			);
			path = ElPraGatoUITests;
			sourceTree = "<group>";
		};
		33878ACC2A0AB5170086705B /* Storage */ = {
			isa = PBXGroup;
			children = (
				33878ACD2A0AB5300086705B /* MainStorage.swift */,
			);
			path = Storage;
			sourceTree = "<group>";
		};
		33878ACF2A0AB5460086705B /* Scenes */ = {
			isa = PBXGroup;
			children = (
				33878AA32A0AA4D10086705B /* MainGatoView.swift */,
				33878AA12A0AA4D10086705B /* ElPraGatoApp.swift */,
				33878AD42A0ACEAE0086705B /* SplashScreenView.swift */,
			);
			path = Scenes;
			sourceTree = "<group>";
		};
		33878AD02A0AB56B0086705B /* Assets */ = {
			isa = PBXGroup;
			children = (
				33878AA52A0AA4D40086705B /* Assets.xcassets */,
			);
			path = Assets;
			sourceTree = "<group>";
		};
		33878AD22A0AB6150086705B /* ViewModels */ = {
			isa = PBXGroup;
			children = (
			);
			path = ViewModels;
			sourceTree = "<group>";
		};
		33878AD32A0AB6200086705B /* Models */ = {
			isa = PBXGroup;
			children = (
			);
			path = Models;
			sourceTree = "<group>";
		};
/* End PBXGroup section */

/* Begin PBXNativeTarget section */
		33878A9D2A0AA4D10086705B /* ElPraGato */ = {
			isa = PBXNativeTarget;
			buildConfigurationList = 33878AC32A0AA4D50086705B /* Build configuration list for PBXNativeTarget "ElPraGato" */;
			buildPhases = (
				33878A9A2A0AA4D10086705B /* Sources */,
				33878A9B2A0AA4D10086705B /* Frameworks */,
				33878A9C2A0AA4D10086705B /* Resources */,
			);
			buildRules = (
			);
			dependencies = (
			);
			name = ElPraGato;
			productName = ElPraGato;
			productReference = 33878A9E2A0AA4D10086705B /* ElPraGato.app */;
			productType = "com.apple.product-type.application";
		};
		33878AAE2A0AA4D40086705B /* ElPraGatoTests */ = {
			isa = PBXNativeTarget;
			buildConfigurationList = 33878AC62A0AA4D50086705B /* Build configuration list for PBXNativeTarget "ElPraGatoTests" */;
			buildPhases = (
				33878AAB2A0AA4D40086705B /* Sources */,
				33878AAC2A0AA4D40086705B /* Frameworks */,
				33878AAD2A0AA4D40086705B /* Resources */,
			);
			buildRules = (
			);
			dependencies = (
				33878AB12A0AA4D40086705B /* PBXTargetDependency */,
			);
			name = ElPraGatoTests;
			productName = ElPraGatoTests;
			productReference = 33878AAF2A0AA4D40086705B /* ElPraGatoTests.xctest */;
			productType = "com.apple.product-type.bundle.unit-test";
		};
		33878AB82A0AA4D40086705B /* ElPraGatoUITests */ = {
			isa = PBXNativeTarget;
			buildConfigurationList = 33878AC92A0AA4D50086705B /* Build configuration list for PBXNativeTarget "ElPraGatoUITests" */;
			buildPhases = (
				33878AB52A0AA4D40086705B /* Sources */,
				33878AB62A0AA4D40086705B /* Frameworks */,
				33878AB72A0AA4D40086705B /* Resources */,
			);
			buildRules = (
			);
			dependencies = (
				33878ABB2A0AA4D40086705B /* PBXTargetDependency */,
			);
			name = ElPraGatoUITests;
			productName = ElPraGatoUITests;
			productReference = 33878AB92A0AA4D40086705B /* ElPraGatoUITests.xctest */;
			productType = "com.apple.product-type.bundle.ui-testing";
		};
/* End PBXNativeTarget section */

/* Begin PBXProject section */
		33878A962A0AA4D10086705B /* Project object */ = {
			isa = PBXProject;
			attributes = {
				BuildIndependentTargetsInParallel = 1;
				LastSwiftUpdateCheck = 1430;
				LastUpgradeCheck = 1430;
				TargetAttributes = {
					33878A9D2A0AA4D10086705B = {
						CreatedOnToolsVersion = 14.3;
					};
					33878AAE2A0AA4D40086705B = {
						CreatedOnToolsVersion = 14.3;
						TestTargetID = 33878A9D2A0AA4D10086705B;
					};
					33878AB82A0AA4D40086705B = {
						CreatedOnToolsVersion = 14.3;
						TestTargetID = 33878A9D2A0AA4D10086705B;
					};
				};
			};
			buildConfigurationList = 33878A992A0AA4D10086705B /* Build configuration list for PBXProject "ElPraGato" */;
			compatibilityVersion = "Xcode 14.0";
			developmentRegion = en;
			hasScannedForEncodings = 0;
			knownRegions = (
				en,
				Base,
			);
			mainGroup = 33878A952A0AA4D10086705B;
			productRefGroup = 33878A9F2A0AA4D10086705B /* Products */;
			projectDirPath = "";
			projectRoot = "";
			targets = (
				33878A9D2A0AA4D10086705B /* ElPraGato */,
				33878AAE2A0AA4D40086705B /* ElPraGatoTests */,
				33878AB82A0AA4D40086705B /* ElPraGatoUITests */,
			);
		};
/* End PBXProject section */

/* Begin PBXResourcesBuildPhase section */
		33878A9C2A0AA4D10086705B /* Resources */ = {
			isa = PBXResourcesBuildPhase;
			buildActionMask = 2147483647;
			files = (
				33878AAA2A0AA4D40086705B /* Preview Assets.xcassets in Resources */,
				33878AA62A0AA4D40086705B /* Assets.xcassets in Resources */,
			);
			runOnlyForDeploymentPostprocessing = 0;
		};
		33878AAD2A0AA4D40086705B /* Resources */ = {
			isa = PBXResourcesBuildPhase;
			buildActionMask = 2147483647;
			files = (
			);
			runOnlyForDeploymentPostprocessing = 0;
		};
		33878AB72A0AA4D40086705B /* Resources */ = {
			isa = PBXResourcesBuildPhase;
			buildActionMask = 2147483647;
			files = (
			);
			runOnlyForDeploymentPostprocessing = 0;
		};
/* End PBXResourcesBuildPhase section */

/* Begin PBXSourcesBuildPhase section */
		33878A9A2A0AA4D10086705B /* Sources */ = {
			isa = PBXSourcesBuildPhase;
			buildActionMask = 2147483647;
			files = (
				33878AD52A0ACEAE0086705B /* SplashScreenView.swift in Sources */,
				33878AA42A0AA4D10086705B /* MainGatoView.swift in Sources */,
				33878AA22A0AA4D10086705B /* ElPraGatoApp.swift in Sources */,
				33878ACE2A0AB5300086705B /* MainStorage.swift in Sources */,
			);
			runOnlyForDeploymentPostprocessing = 0;
		};
		33878AAB2A0AA4D40086705B /* Sources */ = {
			isa = PBXSourcesBuildPhase;
			buildActionMask = 2147483647;
			files = (
				33878AB42A0AA4D40086705B /* ElPraGatoTests.swift in Sources */,
			);
			runOnlyForDeploymentPostprocessing = 0;
		};
		33878AB52A0AA4D40086705B /* Sources */ = {
			isa = PBXSourcesBuildPhase;
			buildActionMask = 2147483647;
			files = (
				33878AC02A0AA4D50086705B /* ElPraGatoUITestsLaunchTests.swift in Sources */,
				33878ABE2A0AA4D50086705B /* ElPraGatoUITests.swift in Sources */,
			);
			runOnlyForDeploymentPostprocessing = 0;
		};
/* End PBXSourcesBuildPhase section */

/* Begin PBXTargetDependency section */
		33878AB12A0AA4D40086705B /* PBXTargetDependency */ = {
			isa = PBXTargetDependency;
			target = 33878A9D2A0AA4D10086705B /* ElPraGato */;
			targetProxy = 33878AB02A0AA4D40086705B /* PBXContainerItemProxy */;
		};
		33878ABB2A0AA4D40086705B /* PBXTargetDependency */ = {
			isa = PBXTargetDependency;
			target = 33878A9D2A0AA4D10086705B /* ElPraGato */;
			targetProxy = 33878ABA2A0AA4D40086705B /* PBXContainerItemProxy */;
		};
/* End PBXTargetDependency section */

/* Begin XCBuildConfiguration section */
		33878AC12A0AA4D50086705B /* Debug */ = {
			isa = XCBuildConfiguration;
			buildSettings = {
				ALWAYS_SEARCH_USER_PATHS = NO;
				CLANG_ANALYZER_NONNULL = YES;
				CLANG_ANALYZER_NUMBER_OBJECT_CONVERSION = YES_AGGRESSIVE;
				CLANG_CXX_LANGUAGE_STANDARD = "gnu++20";
				CLANG_ENABLE_MODULES = YES;
				CLANG_ENABLE_OBJC_ARC = YES;
				CLANG_ENABLE_OBJC_WEAK = YES;
				CLANG_WARN_BLOCK_CAPTURE_AUTORELEASING = YES;
				CLANG_WARN_BOOL_CONVERSION = YES;
				CLANG_WARN_COMMA = YES;
				CLANG_WARN_CONSTANT_CONVERSION = YES;
				CLANG_WARN_DEPRECATED_OBJC_IMPLEMENTATIONS = YES;
				CLANG_WARN_DIRECT_OBJC_ISA_USAGE = YES_ERROR;
				CLANG_WARN_DOCUMENTATION_COMMENTS = YES;
				CLANG_WARN_EMPTY_BODY = YES;
				CLANG_WARN_ENUM_CONVERSION = YES;
				CLANG_WARN_INFINITE_RECURSION = YES;
				CLANG_WARN_INT_CONVERSION = YES;
				CLANG_WARN_NON_LITERAL_NULL_CONVERSION = YES;
				CLANG_WARN_OBJC_IMPLICIT_RETAIN_SELF = YES;
				CLANG_WARN_OBJC_LITERAL_CONVERSION = YES;
				CLANG_WARN_OBJC_ROOT_CLASS = YES_ERROR;
				CLANG_WARN_QUOTED_INCLUDE_IN_FRAMEWORK_HEADER = YES;
				CLANG_WARN_RANGE_LOOP_ANALYSIS = YES;
				CLANG_WARN_STRICT_PROTOTYPES = YES;
				CLANG_WARN_SUSPICIOUS_MOVE = YES;
				CLANG_WARN_UNGUARDED_AVAILABILITY = YES_AGGRESSIVE;
				CLANG_WARN_UNREACHABLE_CODE = YES;
				CLANG_WARN__DUPLICATE_METHOD_MATCH = YES;
				COPY_PHASE_STRIP = NO;
				DEBUG_INFORMATION_FORMAT = dwarf;
				ENABLE_STRICT_OBJC_MSGSEND = YES;
				ENABLE_TESTABILITY = YES;
				GCC_C_LANGUAGE_STANDARD = gnu11;
				GCC_DYNAMIC_NO_PIC = NO;
				GCC_NO_COMMON_BLOCKS = YES;
				GCC_OPTIMIZATION_LEVEL = 0;
				GCC_PREPROCESSOR_DEFINITIONS = (
					"DEBUG=1",
					"$(inherited)",
				);
				GCC_WARN_64_TO_32_BIT_CONVERSION = YES;
				GCC_WARN_ABOUT_RETURN_TYPE = YES_ERROR;
				GCC_WARN_UNDECLARED_SELECTOR = YES;
				GCC_WARN_UNINITIALIZED_AUTOS = YES_AGGRESSIVE;
				GCC_WARN_UNUSED_FUNCTION = YES;
				GCC_WARN_UNUSED_VARIABLE = YES;
				MTL_ENABLE_DEBUG_INFO = INCLUDE_SOURCE;
				MTL_FAST_MATH = YES;
				ONLY_ACTIVE_ARCH = YES;
				SWIFT_ACTIVE_COMPILATION_CONDITIONS = DEBUG;
				SWIFT_OPTIMIZATION_LEVEL = "-Onone";
			};
			name = Debug;
		};
		33878AC22A0AA4D50086705B /* Release */ = {
			isa = XCBuildConfiguration;
			buildSettings = {
				ALWAYS_SEARCH_USER_PATHS = NO;
				CLANG_ANALYZER_NONNULL = YES;
				CLANG_ANALYZER_NUMBER_OBJECT_CONVERSION = YES_AGGRESSIVE;
				CLANG_CXX_LANGUAGE_STANDARD = "gnu++20";
				CLANG_ENABLE_MODULES = YES;
				CLANG_ENABLE_OBJC_ARC = YES;
				CLANG_ENABLE_OBJC_WEAK = YES;
				CLANG_WARN_BLOCK_CAPTURE_AUTORELEASING = YES;
				CLANG_WARN_BOOL_CONVERSION = YES;
				CLANG_WARN_COMMA = YES;
				CLANG_WARN_CONSTANT_CONVERSION = YES;
				CLANG_WARN_DEPRECATED_OBJC_IMPLEMENTATIONS = YES;
				CLANG_WARN_DIRECT_OBJC_ISA_USAGE = YES_ERROR;
				CLANG_WARN_DOCUMENTATION_COMMENTS = YES;
				CLANG_WARN_EMPTY_BODY = YES;
				CLANG_WARN_ENUM_CONVERSION = YES;
				CLANG_WARN_INFINITE_RECURSION = YES;
				CLANG_WARN_INT_CONVERSION = YES;
				CLANG_WARN_NON_LITERAL_NULL_CONVERSION = YES;
				CLANG_WARN_OBJC_IMPLICIT_RETAIN_SELF = YES;
				CLANG_WARN_OBJC_LITERAL_CONVERSION = YES;
				CLANG_WARN_OBJC_ROOT_CLASS = YES_ERROR;
				CLANG_WARN_QUOTED_INCLUDE_IN_FRAMEWORK_HEADER = YES;
				CLANG_WARN_RANGE_LOOP_ANALYSIS = YES;
				CLANG_WARN_STRICT_PROTOTYPES = YES;
				CLANG_WARN_SUSPICIOUS_MOVE = YES;
				CLANG_WARN_UNGUARDED_AVAILABILITY = YES_AGGRESSIVE;
				CLANG_WARN_UNREACHABLE_CODE = YES;
				CLANG_WARN__DUPLICATE_METHOD_MATCH = YES;
				COPY_PHASE_STRIP = NO;
				DEBUG_INFORMATION_FORMAT = "dwarf-with-dsym";
				ENABLE_NS_ASSERTIONS = NO;
				ENABLE_STRICT_OBJC_MSGSEND = YES;
				GCC_C_LANGUAGE_STANDARD = gnu11;
				GCC_NO_COMMON_BLOCKS = YES;
				GCC_WARN_64_TO_32_BIT_CONVERSION = YES;
				GCC_WARN_ABOUT_RETURN_TYPE = YES_ERROR;
				GCC_WARN_UNDECLARED_SELECTOR = YES;
				GCC_WARN_UNINITIALIZED_AUTOS = YES_AGGRESSIVE;
				GCC_WARN_UNUSED_FUNCTION = YES;
				GCC_WARN_UNUSED_VARIABLE = YES;
				MTL_ENABLE_DEBUG_INFO = NO;
				MTL_FAST_MATH = YES;
				SWIFT_COMPILATION_MODE = wholemodule;
				SWIFT_OPTIMIZATION_LEVEL = "-O";
			};
			name = Release;
		};
		33878AC42A0AA4D50086705B /* Debug */ = {
			isa = XCBuildConfiguration;
			buildSettings = {
				ASSETCATALOG_COMPILER_APPICON_NAME = AppIcon;
				ASSETCATALOG_COMPILER_GLOBAL_ACCENT_COLOR_NAME = AccentColor;
				CODE_SIGN_ENTITLEMENTS = ElPraGato/ElPraGato.entitlements;
				CODE_SIGN_STYLE = Automatic;
				CURRENT_PROJECT_VERSION = 1;
				DEVELOPMENT_ASSET_PATHS = "\"ElPraGato/Preview Content\"";
				DEVELOPMENT_TEAM = 5DJ695UZH2;
				ENABLE_HARDENED_RUNTIME = YES;
				ENABLE_PREVIEWS = YES;
				GENERATE_INFOPLIST_FILE = YES;
				"INFOPLIST_KEY_UIApplicationSceneManifest_Generation[sdk=iphoneos*]" = YES;
				"INFOPLIST_KEY_UIApplicationSceneManifest_Generation[sdk=iphonesimulator*]" = YES;
				"INFOPLIST_KEY_UIApplicationSupportsIndirectInputEvents[sdk=iphoneos*]" = YES;
				"INFOPLIST_KEY_UIApplicationSupportsIndirectInputEvents[sdk=iphonesimulator*]" = YES;
				"INFOPLIST_KEY_UILaunchScreen_Generation[sdk=iphoneos*]" = YES;
				"INFOPLIST_KEY_UILaunchScreen_Generation[sdk=iphonesimulator*]" = YES;
				"INFOPLIST_KEY_UIStatusBarStyle[sdk=iphoneos*]" = UIStatusBarStyleDefault;
				"INFOPLIST_KEY_UIStatusBarStyle[sdk=iphonesimulator*]" = UIStatusBarStyleDefault;
				INFOPLIST_KEY_UISupportedInterfaceOrientations_iPad = "UIInterfaceOrientationPortrait UIInterfaceOrientationPortraitUpsideDown UIInterfaceOrientationLandscapeLeft UIInterfaceOrientationLandscapeRight";
				INFOPLIST_KEY_UISupportedInterfaceOrientations_iPhone = "UIInterfaceOrientationPortrait UIInterfaceOrientationLandscapeLeft UIInterfaceOrientationLandscapeRight";
				IPHONEOS_DEPLOYMENT_TARGET = 16.4;
				LD_RUNPATH_SEARCH_PATHS = "@executable_path/Frameworks";
				"LD_RUNPATH_SEARCH_PATHS[sdk=macosx*]" = "@executable_path/../Frameworks";
				MACOSX_DEPLOYMENT_TARGET = 13.3;
				MARKETING_VERSION = 1.0;
				PRODUCT_BUNDLE_IDENTIFIER = TalentPool.ElPraGato;
				PRODUCT_NAME = "$(TARGET_NAME)";
				SDKROOT = auto;
				SUPPORTED_PLATFORMS = "iphoneos iphonesimulator macosx";
				SWIFT_EMIT_LOC_STRINGS = YES;
				SWIFT_VERSION = 5.0;
				TARGETED_DEVICE_FAMILY = "1,2";
			};
			name = Debug;
		};
		33878AC52A0AA4D50086705B /* Release */ = {
			isa = XCBuildConfiguration;
			buildSettings = {
				ASSETCATALOG_COMPILER_APPICON_NAME = AppIcon;
				ASSETCATALOG_COMPILER_GLOBAL_ACCENT_COLOR_NAME = AccentColor;
				CODE_SIGN_ENTITLEMENTS = ElPraGato/ElPraGato.entitlements;
				CODE_SIGN_STYLE = Automatic;
				CURRENT_PROJECT_VERSION = 1;
				DEVELOPMENT_ASSET_PATHS = "\"ElPraGato/Preview Content\"";
				DEVELOPMENT_TEAM = 5DJ695UZH2;
				ENABLE_HARDENED_RUNTIME = YES;
				ENABLE_PREVIEWS = YES;
				GENERATE_INFOPLIST_FILE = YES;
				"INFOPLIST_KEY_UIApplicationSceneManifest_Generation[sdk=iphoneos*]" = YES;
				"INFOPLIST_KEY_UIApplicationSceneManifest_Generation[sdk=iphonesimulator*]" = YES;
				"INFOPLIST_KEY_UIApplicationSupportsIndirectInputEvents[sdk=iphoneos*]" = YES;
				"INFOPLIST_KEY_UIApplicationSupportsIndirectInputEvents[sdk=iphonesimulator*]" = YES;
				"INFOPLIST_KEY_UILaunchScreen_Generation[sdk=iphoneos*]" = YES;
				"INFOPLIST_KEY_UILaunchScreen_Generation[sdk=iphonesimulator*]" = YES;
				"INFOPLIST_KEY_UIStatusBarStyle[sdk=iphoneos*]" = UIStatusBarStyleDefault;
				"INFOPLIST_KEY_UIStatusBarStyle[sdk=iphonesimulator*]" = UIStatusBarStyleDefault;
				INFOPLIST_KEY_UISupportedInterfaceOrientations_iPad = "UIInterfaceOrientationPortrait UIInterfaceOrientationPortraitUpsideDown UIInterfaceOrientationLandscapeLeft UIInterfaceOrientationLandscapeRight";
				INFOPLIST_KEY_UISupportedInterfaceOrientations_iPhone = "UIInterfaceOrientationPortrait UIInterfaceOrientationLandscapeLeft UIInterfaceOrientationLandscapeRight";
				IPHONEOS_DEPLOYMENT_TARGET = 16.4;
				LD_RUNPATH_SEARCH_PATHS = "@executable_path/Frameworks";
				"LD_RUNPATH_SEARCH_PATHS[sdk=macosx*]" = "@executable_path/../Frameworks";
				MACOSX_DEPLOYMENT_TARGET = 13.3;
				MARKETING_VERSION = 1.0;
				PRODUCT_BUNDLE_IDENTIFIER = TalentPool.ElPraGato;
				PRODUCT_NAME = "$(TARGET_NAME)";
				SDKROOT = auto;
				SUPPORTED_PLATFORMS = "iphoneos iphonesimulator macosx";
				SWIFT_EMIT_LOC_STRINGS = YES;
				SWIFT_VERSION = 5.0;
				TARGETED_DEVICE_FAMILY = "1,2";
			};
			name = Release;
		};
		33878AC72A0AA4D50086705B /* Debug */ = {
			isa = XCBuildConfiguration;
			buildSettings = {
				ALWAYS_EMBED_SWIFT_STANDARD_LIBRARIES = YES;
				BUNDLE_LOADER = "$(TEST_HOST)";
				CODE_SIGN_STYLE = Automatic;
				CURRENT_PROJECT_VERSION = 1;
				DEVELOPMENT_TEAM = 5DJ695UZH2;
				GENERATE_INFOPLIST_FILE = YES;
				IPHONEOS_DEPLOYMENT_TARGET = 16.4;
				MACOSX_DEPLOYMENT_TARGET = 13.3;
				MARKETING_VERSION = 1.0;
				PRODUCT_BUNDLE_IDENTIFIER = TalentPool.ElPraGatoTests;
				PRODUCT_NAME = "$(TARGET_NAME)";
				SDKROOT = auto;
				SUPPORTED_PLATFORMS = "iphoneos iphonesimulator macosx";
				SWIFT_EMIT_LOC_STRINGS = NO;
				SWIFT_VERSION = 5.0;
				TARGETED_DEVICE_FAMILY = "1,2";
				TEST_HOST = "$(BUILT_PRODUCTS_DIR)/ElPraGato.app/$(BUNDLE_EXECUTABLE_FOLDER_PATH)/ElPraGato";
			};
			name = Debug;
		};
		33878AC82A0AA4D50086705B /* Release */ = {
			isa = XCBuildConfiguration;
			buildSettings = {
				ALWAYS_EMBED_SWIFT_STANDARD_LIBRARIES = YES;
				BUNDLE_LOADER = "$(TEST_HOST)";
				CODE_SIGN_STYLE = Automatic;
				CURRENT_PROJECT_VERSION = 1;
				DEVELOPMENT_TEAM = 5DJ695UZH2;
				GENERATE_INFOPLIST_FILE = YES;
				IPHONEOS_DEPLOYMENT_TARGET = 16.4;
				MACOSX_DEPLOYMENT_TARGET = 13.3;
				MARKETING_VERSION = 1.0;
				PRODUCT_BUNDLE_IDENTIFIER = TalentPool.ElPraGatoTests;
				PRODUCT_NAME = "$(TARGET_NAME)";
				SDKROOT = auto;
				SUPPORTED_PLATFORMS = "iphoneos iphonesimulator macosx";
				SWIFT_EMIT_LOC_STRINGS = NO;
				SWIFT_VERSION = 5.0;
				TARGETED_DEVICE_FAMILY = "1,2";
				TEST_HOST = "$(BUILT_PRODUCTS_DIR)/ElPraGato.app/$(BUNDLE_EXECUTABLE_FOLDER_PATH)/ElPraGato";
			};
			name = Release;
		};
		33878ACA2A0AA4D50086705B /* Debug */ = {
			isa = XCBuildConfiguration;
			buildSettings = {
				ALWAYS_EMBED_SWIFT_STANDARD_LIBRARIES = YES;
				CODE_SIGN_STYLE = Automatic;
				CURRENT_PROJECT_VERSION = 1;
				DEVELOPMENT_TEAM = 5DJ695UZH2;
				GENERATE_INFOPLIST_FILE = YES;
				IPHONEOS_DEPLOYMENT_TARGET = 16.4;
				MACOSX_DEPLOYMENT_TARGET = 13.3;
				MARKETING_VERSION = 1.0;
				PRODUCT_BUNDLE_IDENTIFIER = TalentPool.ElPraGatoUITests;
				PRODUCT_NAME = "$(TARGET_NAME)";
				SDKROOT = auto;
				SUPPORTED_PLATFORMS = "iphoneos iphonesimulator macosx";
				SWIFT_EMIT_LOC_STRINGS = NO;
				SWIFT_VERSION = 5.0;
				TARGETED_DEVICE_FAMILY = "1,2";
				TEST_TARGET_NAME = ElPraGato;
			};
			name = Debug;
		};
		33878ACB2A0AA4D50086705B /* Release */ = {
			isa = XCBuildConfiguration;
			buildSettings = {
				ALWAYS_EMBED_SWIFT_STANDARD_LIBRARIES = YES;
				CODE_SIGN_STYLE = Automatic;
				CURRENT_PROJECT_VERSION = 1;
				DEVELOPMENT_TEAM = 5DJ695UZH2;
				GENERATE_INFOPLIST_FILE = YES;
				IPHONEOS_DEPLOYMENT_TARGET = 16.4;
				MACOSX_DEPLOYMENT_TARGET = 13.3;
				MARKETING_VERSION = 1.0;
				PRODUCT_BUNDLE_IDENTIFIER = TalentPool.ElPraGatoUITests;
				PRODUCT_NAME = "$(TARGET_NAME)";
				SDKROOT = auto;
				SUPPORTED_PLATFORMS = "iphoneos iphonesimulator macosx";
				SWIFT_EMIT_LOC_STRINGS = NO;
				SWIFT_VERSION = 5.0;
				TARGETED_DEVICE_FAMILY = "1,2";
				TEST_TARGET_NAME = ElPraGato;
			};
			name = Release;
		};
/* End XCBuildConfiguration section */

/* Begin XCConfigurationList section */
		33878A992A0AA4D10086705B /* Build configuration list for PBXProject "ElPraGato" */ = {
			isa = XCConfigurationList;
			buildConfigurations = (
				33878AC12A0AA4D50086705B /* Debug */,
				33878AC22A0AA4D50086705B /* Release */,
			);
			defaultConfigurationIsVisible = 0;
			defaultConfigurationName = Release;
		};
		33878AC32A0AA4D50086705B /* Build configuration list for PBXNativeTarget "ElPraGato" */ = {
			isa = XCConfigurationList;
			buildConfigurations = (
				33878AC42A0AA4D50086705B /* Debug */,
				33878AC52A0AA4D50086705B /* Release */,
			);
			defaultConfigurationIsVisible = 0;
			defaultConfigurationName = Release;
		};
		33878AC62A0AA4D50086705B /* Build configuration list for PBXNativeTarget "ElPraGatoTests" */ = {
			isa = XCConfigurationList;
			buildConfigurations = (
				33878AC72A0AA4D50086705B /* Debug */,
				33878AC82A0AA4D50086705B /* Release */,
			);
			defaultConfigurationIsVisible = 0;
			defaultConfigurationName = Release;
		};
		33878AC92A0AA4D50086705B /* Build configuration list for PBXNativeTarget "ElPraGatoUITests" */ = {
			isa = XCConfigurationList;
			buildConfigurations = (
				33878ACA2A0AA4D50086705B /* Debug */,
				33878ACB2A0AA4D50086705B /* Release */,
			);
			defaultConfigurationIsVisible = 0;
			defaultConfigurationName = Release;
		};
/* End XCConfigurationList section */
	};
	rootObject = 33878A962A0AA4D10086705B /* Project object */;
}
